{
  "name": "xrpl-hooks-api-assembly-script",
  "version": "0.1.0",
  "lockfileVersion": 2,
  "requires": true,
  "packages": {
    "": {
      "name": "xrpl-hooks-api-assembly-script",
      "version": "0.1.0",
      "license": "MIT",
      "dependencies": {
        "@assemblyscript/loader": "^0.19.16"
      },
      "devDependencies": {
        "as-bind": "^0.8.2",
        "assemblyscript": "^0.19.16",
        "node-fetch-commonjs": "^3.0.0"
      }
    },
    "node_modules/@assemblyscript/loader": {
      "version": "0.19.16",
      "resolved": "https://registry.npmjs.org/@assemblyscript/loader/-/loader-0.19.16.tgz",
      "integrity": "sha512-Skp0eLY3oP2YfAxaHq4IpsUZQOpllkBB0dNDrhck42mGQTimAJ6KegXMuFVa9PIP6gw3bDlCs2iIegfGnXiuFg=="
    },
    "node_modules/as-bind": {
      "version": "0.8.2",
      "resolved": "https://registry.npmjs.org/as-bind/-/as-bind-0.8.2.tgz",
      "integrity": "sha512-Y7WTopfRLODzLLpTgyrf6TMeEbcckF8u7r/eU68PeiKh7yY/YzmjCQiPAJw0F70bge+84nUO5j4No7V4fzdoew==",
      "dev": true,
      "dependencies": {
        "visitor-as": "^0.5.0"
      },
      "peerDependencies": {
        "@assemblyscript/loader": "0.19.x",
        "assemblyscript": "0.19.x"
      }
    },
    "node_modules/assemblyscript": {
      "version": "0.19.16",
      "resolved": "https://registry.npmjs.org/assemblyscript/-/assemblyscript-0.19.16.tgz",
      "integrity": "sha512-AMNdwcat+EEsxjkVQ5vOE/lDbXBvy1swQKAuMG2Ken+DZufZH7wKHIAVKR5liteW/jLL3T971l1MN+onP/bixA==",
      "dev": true,
      "dependencies": {
        "binaryen": "101.0.0-nightly.20210904",
        "long": "^4.0.0"
      },
      "bin": {
        "asc": "bin/asc",
        "asinit": "bin/asinit"
      },
      "funding": {
        "type": "opencollective",
        "url": "https://opencollective.com/assemblyscript"
      }
    },
    "node_modules/binaryen": {
      "version": "101.0.0-nightly.20210904",
      "resolved": "https://registry.npmjs.org/binaryen/-/binaryen-101.0.0-nightly.20210904.tgz",
      "integrity": "sha512-2AvJhErttuoMvgNcYPPpPy7C12PSvDdtZWtEeX/Otm/Vtf4ePvBpT3UIA00hGAh8HNaGr+dzFNstxTUvjNwZTg==",
      "dev": true,
      "bin": {
        "wasm-opt": "bin/wasm-opt"
      }
    },
    "node_modules/data-uri-to-buffer": {
      "version": "3.0.1",
      "resolved": "https://registry.npmjs.org/data-uri-to-buffer/-/data-uri-to-buffer-3.0.1.tgz",
      "integrity": "sha512-WboRycPNsVw3B3TL559F7kuBUM4d8CgMEvk6xEJlOp7OBPjt6G7z8WMWlD2rOFZLk6OYfFIUGsCOWzcQH9K2og==",
      "dev": true,
      "engines": {
        "node": ">= 6"
      }
    },
    "node_modules/lodash.clonedeep": {
      "version": "4.5.0",
      "resolved": "https://registry.npmjs.org/lodash.clonedeep/-/lodash.clonedeep-4.5.0.tgz",
      "integrity": "sha1-4j8/nE+Pvd6HJSnBBxhXoIblzO8=",
      "dev": true
    },
    "node_modules/long": {
      "version": "4.0.0",
      "resolved": "https://registry.npmjs.org/long/-/long-4.0.0.tgz",
      "integrity": "sha512-XsP+KhQif4bjX1kbuSiySJFNAehNxgLb6hPRGJ9QsUr8ajHkuXGdrHmFUTUUXhDwVX2R5bY4JNZEwbUiMhV+MA==",
      "dev": true
    },
    "node_modules/node-fetch-commonjs": {
      "version": "3.0.0",
      "resolved": "https://registry.npmjs.org/node-fetch-commonjs/-/node-fetch-commonjs-3.0.0.tgz",
      "integrity": "sha512-97Yo/0fos+hNb8jVBW+7Grqb5MDlzBqY2skecSoCssseBAIgrgYkL4nPNkZUkeQn2S7aIkqFVD1sX2CvDJH5dA==",
      "dev": true,
      "dependencies": {
        "data-uri-to-buffer": "^3.0.1"
      },
      "engines": {
        "node": "^12.20.0 || ^14.13.1 || >=16.0.0"
      },
      "funding": {
        "type": "opencollective",
        "url": "https://opencollective.com/node-fetch"
      }
    },
    "node_modules/ts-mixer": {
      "version": "5.4.1",
      "resolved": "https://registry.npmjs.org/ts-mixer/-/ts-mixer-5.4.1.tgz",
      "integrity": "sha512-Zo9HgPCtNouDgJ+LGtrzVOjSg8+7WGQktIKLwAfaNrlOK1mWGlz1ejsAF/YqUEqAGjUTeB5fEg8gH9Aui6w9xA==",
      "dev": true
    },
    "node_modules/visitor-as": {
      "version": "0.5.0",
      "resolved": "https://registry.npmjs.org/visitor-as/-/visitor-as-0.5.0.tgz",
      "integrity": "sha512-U2P13pa7BAnfj6IEbP4feS1Rci6NT4GlDcwpqkk90u7LGalc5jH9aMuWnxTC8RJJ92iZzDQ8Lea5/OnLDsgzlw==",
      "dev": true,
      "dependencies": {
        "lodash.clonedeep": "^4.5.0",
        "ts-mixer": "^5.1.0"
      }
    }
  },
  "dependencies": {
    "@assemblyscript/loader": {
      "version": "0.19.16",
      "resolved": "https://registry.npmjs.org/@assemblyscript/loader/-/loader-0.19.16.tgz",
      "integrity": "sha512-Skp0eLY3oP2YfAxaHq4IpsUZQOpllkBB0dNDrhck42mGQTimAJ6KegXMuFVa9PIP6gw3bDlCs2iIegfGnXiuFg=="
    },
    "as-bind": {
      "version": "0.8.2",
      "resolved": "https://registry.npmjs.org/as-bind/-/as-bind-0.8.2.tgz",
      "integrity": "sha512-Y7WTopfRLODzLLpTgyrf6TMeEbcckF8u7r/eU68PeiKh7yY/YzmjCQiPAJw0F70bge+84nUO5j4No7V4fzdoew==",
      "dev": true,
      "requires": {
        "visitor-as": "^0.5.0"
      }
    },
    "assemblyscript": {
      "version": "0.19.16",
      "resolved": "https://registry.npmjs.org/assemblyscript/-/assemblyscript-0.19.16.tgz",
      "integrity": "sha512-AMNdwcat+EEsxjkVQ5vOE/lDbXBvy1swQKAuMG2Ken+DZufZH7wKHIAVKR5liteW/jLL3T971l1MN+onP/bixA==",
      "dev": true,
      "requires": {
        "binaryen": "101.0.0-nightly.20210904",
        "long": "^4.0.0"
      }
    },
    "binaryen": {
      "version": "101.0.0-nightly.20210904",
      "resolved": "https://registry.npmjs.org/binaryen/-/binaryen-101.0.0-nightly.20210904.tgz",
      "integrity": "sha512-2AvJhErttuoMvgNcYPPpPy7C12PSvDdtZWtEeX/Otm/Vtf4ePvBpT3UIA00hGAh8HNaGr+dzFNstxTUvjNwZTg==",
      "dev": true
    },
    "data-uri-to-buffer": {
      "version": "3.0.1",
      "resolved": "https://registry.npmjs.org/data-uri-to-buffer/-/data-uri-to-buffer-3.0.1.tgz",
      "integrity": "sha512-WboRycPNsVw3B3TL559F7kuBUM4d8CgMEvk6xEJlOp7OBPjt6G7z8WMWlD2rOFZLk6OYfFIUGsCOWzcQH9K2og==",
      "dev": true
    },
    "lodash.clonedeep": {
      "version": "4.5.0",
      "resolved": "https://registry.npmjs.org/lodash.clonedeep/-/lodash.clonedeep-4.5.0.tgz",
      "integrity": "sha1-4j8/nE+Pvd6HJSnBBxhXoIblzO8=",
      "dev": true
    },
    "long": {
      "version": "4.0.0",
      "resolved": "https://registry.npmjs.org/long/-/long-4.0.0.tgz",
      "integrity": "sha512-XsP+KhQif4bjX1kbuSiySJFNAehNxgLb6hPRGJ9QsUr8ajHkuXGdrHmFUTUUXhDwVX2R5bY4JNZEwbUiMhV+MA==",
      "dev": true
    },
    "node-fetch-commonjs": {
      "version": "3.0.0",
      "resolved": "https://registry.npmjs.org/node-fetch-commonjs/-/node-fetch-commonjs-3.0.0.tgz",
      "integrity": "sha512-97Yo/0fos+hNb8jVBW+7Grqb5MDlzBqY2skecSoCssseBAIgrgYkL4nPNkZUkeQn2S7aIkqFVD1sX2CvDJH5dA==",
      "dev": true,
      "requires": {
        "data-uri-to-buffer": "^3.0.1"
      }
    },
    "ts-mixer": {
      "version": "5.4.1",
      "resolved": "https://registry.npmjs.org/ts-mixer/-/ts-mixer-5.4.1.tgz",
      "integrity": "sha512-Zo9HgPCtNouDgJ+LGtrzVOjSg8+7WGQktIKLwAfaNrlOK1mWGlz1ejsAF/YqUEqAGjUTeB5fEg8gH9Aui6w9xA==",
      "dev": true
    },
    "visitor-as": {
      "version": "0.5.0",
      "resolved": "https://registry.npmjs.org/visitor-as/-/visitor-as-0.5.0.tgz",
      "integrity": "sha512-U2P13pa7BAnfj6IEbP4feS1Rci6NT4GlDcwpqkk90u7LGalc5jH9aMuWnxTC8RJJ92iZzDQ8Lea5/OnLDsgzlw==",
      "dev": true,
      "requires": {
        "lodash.clonedeep": "^4.5.0",
        "ts-mixer": "^5.1.0"
      }
    }
  }
}
